
Microsoft Visual Studio Solution File, Format Version 12.00
# Visual Studio Version 16
VisualStudioVersion = 16.0.29503.13
MinimumVisualStudioVersion = 10.0.40219.1
Project("{2150E333-8FDC-42A3-9474-1A3956D46DE8}") = "3. Client", "3. Client", "{655225E4-2F4C-4D07-82FB-7B4947EF5A7A}"
EndProject
Project("{2150E333-8FDC-42A3-9474-1A3956D46DE8}") = "0. Solution items", "0. Solution items", "{85EB7950-61F2-4B83-9F3E-F74ECCE0D3C8}"
	ProjectSection(SolutionItems) = preProject
		.dockerignore = .dockerignore
		.editorconfig = .editorconfig
		.gitattributes = .gitattributes
		.gitignore = .gitignore
		format.appsettings.json = format.appsettings.json
		LICENSE = LICENSE
		README.md = README.md
	EndProjectSection
EndProject
Project("{2150E333-8FDC-42A3-9474-1A3956D46DE8}") = "4. Tests", "4. Tests", "{7F3DBAA2-139B-401D-A33F-1409A9BB4DE8}"
EndProject
Project("{9A19103F-16F7-4668-BE54-9A1E7A4F7556}") = "Assets", "src\Assets\Assets.csproj", "{D9AE04E2-3801-499E-8E95-6F2B2B4BFB41}"
EndProject
Project("{9A19103F-16F7-4668-BE54-9A1E7A4F7556}") = "Assets.Client", "src\Assets.Client\Assets.Client.csproj", "{9B71FE5F-2279-411C-9920-4159E3635E36}"
EndProject
Project("{2150E333-8FDC-42A3-9474-1A3956D46DE8}") = "1. Domain", "1. Domain", "{D21E4C59-6AC1-4DAD-93F7-B1B17DC1EC45}"
EndProject
Project("{2150E333-8FDC-42A3-9474-1A3956D46DE8}") = "2. Repositories", "2. Repositories", "{63DF5803-56DE-4D37-830D-28A764125B49}"
EndProject
Project("{2150E333-8FDC-42A3-9474-1A3956D46DE8}") = ".github", ".github", "{00B92DA6-6A25-4749-B17A-40E9575F18B5}"
EndProject
Project("{2150E333-8FDC-42A3-9474-1A3956D46DE8}") = "workflows", "workflows", "{0F87BFBB-9F81-4B65-8A65-5C175E0362D9}"
	ProjectSection(SolutionItems) = preProject
		.github\workflows\dotnetcore.yml = .github\workflows\dotnetcore.yml
		.github\workflows\nuget-client.yml = .github\workflows\nuget-client.yml
	EndProjectSection
EndProject
Project("{9A19103F-16F7-4668-BE54-9A1E7A4F7556}") = "Assets.Domain", "src\Assets.Domain\Assets.Domain.csproj", "{89EB4BF0-9E78-4689-B50F-12FEC8F9AB61}"
EndProject
Project("{9A19103F-16F7-4668-BE54-9A1E7A4F7556}") = "Assets.Services", "src\Assets.Services\Assets.Services.csproj", "{90AF758C-F767-418A-B633-0E58D0782A8F}"
EndProject
Project("{9A19103F-16F7-4668-BE54-9A1E7A4F7556}") = "Assets.Services.Tests", "tests\Assets.Services.Tests\Assets.Services.Tests.csproj", "{C3127E85-A385-453F-A525-E50365DA6372}"
EndProject
Project("{9A19103F-16F7-4668-BE54-9A1E7A4F7556}") = "Assets.Repositories", "src\Assets.Repositories\Assets.Repositories.csproj", "{837793B8-D8BC-426D-ADD5-A51247E7B0E1}"
EndProject
Project("{9A19103F-16F7-4668-BE54-9A1E7A4F7556}") = "Assets.Repositories.Tests", "tests\Assets.Repositories.Tests\Assets.Repositories.Tests.csproj", "{2A0A751D-BA9E-4F9D-9F95-745892A45EA5}"
EndProject
Project("{9A19103F-16F7-4668-BE54-9A1E7A4F7556}") = "Assets.Tests", "tests\Assets.Tests\Assets.Tests.csproj", "{2621FA16-4E25-4226-9760-6C877B86D192}"
EndProject
Project("{9A19103F-16F7-4668-BE54-9A1E7A4F7556}") = "TestClient", "tests\TestClient\TestClient.csproj", "{1C6BCAA0-FE14-498B-9EF5-523F29531BEA}"
EndProject
Project("{2150E333-8FDC-42A3-9474-1A3956D46DE8}") = ".protos", ".protos", "{A08D0305-E4A8-4C77-B4D2-DA5C1B3B2FE8}"
	ProjectSection(SolutionItems) = preProject
		.protos\asset-pairs.proto = .protos\asset-pairs.proto
		.protos\assets.proto = .protos\assets.proto
		.protos\isalive.proto = .protos\isalive.proto
	EndProjectSection
EndProject
Global
	GlobalSection(SolutionConfigurationPlatforms) = preSolution
		Debug|Any CPU = Debug|Any CPU
		Release|Any CPU = Release|Any CPU
	EndGlobalSection
	GlobalSection(ProjectConfigurationPlatforms) = postSolution
		{D9AE04E2-3801-499E-8E95-6F2B2B4BFB41}.Debug|Any CPU.ActiveCfg = Debug|Any CPU
		{D9AE04E2-3801-499E-8E95-6F2B2B4BFB41}.Debug|Any CPU.Build.0 = Debug|Any CPU
		{D9AE04E2-3801-499E-8E95-6F2B2B4BFB41}.Release|Any CPU.ActiveCfg = Release|Any CPU
		{D9AE04E2-3801-499E-8E95-6F2B2B4BFB41}.Release|Any CPU.Build.0 = Release|Any CPU
		{9B71FE5F-2279-411C-9920-4159E3635E36}.Debug|Any CPU.ActiveCfg = Debug|Any CPU
		{9B71FE5F-2279-411C-9920-4159E3635E36}.Debug|Any CPU.Build.0 = Debug|Any CPU
		{9B71FE5F-2279-411C-9920-4159E3635E36}.Release|Any CPU.ActiveCfg = Release|Any CPU
		{9B71FE5F-2279-411C-9920-4159E3635E36}.Release|Any CPU.Build.0 = Release|Any CPU
		{89EB4BF0-9E78-4689-B50F-12FEC8F9AB61}.Debug|Any CPU.ActiveCfg = Debug|Any CPU
		{89EB4BF0-9E78-4689-B50F-12FEC8F9AB61}.Debug|Any CPU.Build.0 = Debug|Any CPU
		{89EB4BF0-9E78-4689-B50F-12FEC8F9AB61}.Release|Any CPU.ActiveCfg = Release|Any CPU
		{89EB4BF0-9E78-4689-B50F-12FEC8F9AB61}.Release|Any CPU.Build.0 = Release|Any CPU
		{90AF758C-F767-418A-B633-0E58D0782A8F}.Debug|Any CPU.ActiveCfg = Debug|Any CPU
		{90AF758C-F767-418A-B633-0E58D0782A8F}.Debug|Any CPU.Build.0 = Debug|Any CPU
		{90AF758C-F767-418A-B633-0E58D0782A8F}.Release|Any CPU.ActiveCfg = Release|Any CPU
		{90AF758C-F767-418A-B633-0E58D0782A8F}.Release|Any CPU.Build.0 = Release|Any CPU
		{C3127E85-A385-453F-A525-E50365DA6372}.Debug|Any CPU.ActiveCfg = Debug|Any CPU
		{C3127E85-A385-453F-A525-E50365DA6372}.Debug|Any CPU.Build.0 = Debug|Any CPU
		{C3127E85-A385-453F-A525-E50365DA6372}.Release|Any CPU.ActiveCfg = Release|Any CPU
		{C3127E85-A385-453F-A525-E50365DA6372}.Release|Any CPU.Build.0 = Release|Any CPU
		{837793B8-D8BC-426D-ADD5-A51247E7B0E1}.Debug|Any CPU.ActiveCfg = Debug|Any CPU
		{837793B8-D8BC-426D-ADD5-A51247E7B0E1}.Debug|Any CPU.Build.0 = Debug|Any CPU
		{837793B8-D8BC-426D-ADD5-A51247E7B0E1}.Release|Any CPU.ActiveCfg = Release|Any CPU
		{837793B8-D8BC-426D-ADD5-A51247E7B0E1}.Release|Any CPU.Build.0 = Release|Any CPU
		{2A0A751D-BA9E-4F9D-9F95-745892A45EA5}.Debug|Any CPU.ActiveCfg = Debug|Any CPU
		{2A0A751D-BA9E-4F9D-9F95-745892A45EA5}.Debug|Any CPU.Build.0 = Debug|Any CPU
		{2A0A751D-BA9E-4F9D-9F95-745892A45EA5}.Release|Any CPU.ActiveCfg = Release|Any CPU
		{2A0A751D-BA9E-4F9D-9F95-745892A45EA5}.Release|Any CPU.Build.0 = Release|Any CPU
		{2621FA16-4E25-4226-9760-6C877B86D192}.Debug|Any CPU.ActiveCfg = Debug|Any CPU
		{2621FA16-4E25-4226-9760-6C877B86D192}.Debug|Any CPU.Build.0 = Debug|Any CPU
		{2621FA16-4E25-4226-9760-6C877B86D192}.Release|Any CPU.ActiveCfg = Release|Any CPU
		{2621FA16-4E25-4226-9760-6C877B86D192}.Release|Any CPU.Build.0 = Release|Any CPU
		{1C6BCAA0-FE14-498B-9EF5-523F29531BEA}.Debug|Any CPU.ActiveCfg = Debug|Any CPU
		{1C6BCAA0-FE14-498B-9EF5-523F29531BEA}.Debug|Any CPU.Build.0 = Debug|Any CPU
		{1C6BCAA0-FE14-498B-9EF5-523F29531BEA}.Release|Any CPU.ActiveCfg = Release|Any CPU
		{1C6BCAA0-FE14-498B-9EF5-523F29531BEA}.Release|Any CPU.Build.0 = Release|Any CPU
	EndGlobalSection
	GlobalSection(SolutionProperties) = preSolution
		HideSolutionNode = FALSE
	EndGlobalSection
	GlobalSection(NestedProjects) = preSolution
		{9B71FE5F-2279-411C-9920-4159E3635E36} = {655225E4-2F4C-4D07-82FB-7B4947EF5A7A}
		{0F87BFBB-9F81-4B65-8A65-5C175E0362D9} = {00B92DA6-6A25-4749-B17A-40E9575F18B5}
		{89EB4BF0-9E78-4689-B50F-12FEC8F9AB61} = {D21E4C59-6AC1-4DAD-93F7-B1B17DC1EC45}
		{90AF758C-F767-418A-B633-0E58D0782A8F} = {D21E4C59-6AC1-4DAD-93F7-B1B17DC1EC45}
		{C3127E85-A385-453F-A525-E50365DA6372} = {7F3DBAA2-139B-401D-A33F-1409A9BB4DE8}
		{837793B8-D8BC-426D-ADD5-A51247E7B0E1} = {63DF5803-56DE-4D37-830D-28A764125B49}
		{2A0A751D-BA9E-4F9D-9F95-745892A45EA5} = {7F3DBAA2-139B-401D-A33F-1409A9BB4DE8}
		{2621FA16-4E25-4226-9760-6C877B86D192} = {7F3DBAA2-139B-401D-A33F-1409A9BB4DE8}
		{1C6BCAA0-FE14-498B-9EF5-523F29531BEA} = {7F3DBAA2-139B-401D-A33F-1409A9BB4DE8}
	EndGlobalSection
	GlobalSection(ExtensibilityGlobals) = postSolution
		SolutionGuid = {196C39E2-2F2E-46AB-BA2A-0D2E7E171B5A}
	EndGlobalSection
EndGlobal
